
Microsoft Visual Studio Solution File, Format Version 12.00
# Visual Studio Version 17
VisualStudioVersion = 17.3.32825.248
MinimumVisualStudioVersion = 10.0.40219.1
Project("{FAE04EC0-301F-11D3-BF4B-00C04F79EFBC}") = "TestAspNet", "TestAspNet\TestAspNet.csproj", "{B0F6216A-471F-4621-A2C0-FEFA4F8BD064}"
EndProject
Global
	GlobalSection(SolutionConfigurationPlatforms) = preSolution
		Debug|Any CPU = Debug|Any CPU
		Release|Any CPU = Release|Any CPU
	EndGlobalSection
	GlobalSection(ProjectConfigurationPlatforms) = postSolution
		{B0F6216A-471F-4621-A2C0-FEFA4F8BD064}.Debug|Any CPU.ActiveCfg = Debug|Any CPU
		{B0F6216A-471F-4621-A2C0-FEFA4F8BD064}.Debug|Any CPU.Build.0 = Debug|Any CPU
		{B0F6216A-471F-4621-A2C0-FEFA4F8BD064}.Release|Any CPU.ActiveCfg = Release|Any CPU
		{B0F6216A-471F-4621-A2C0-FEFA4F8BD064}.Release|Any CPU.Build.0 = Release|Any CPU
	EndGlobalSection
	GlobalSection(SolutionProperties) = preSolution
		HideSolutionNode = FALSE
	EndGlobalSection
	GlobalSection(ExtensibilityGlobals) = postSolution
		SolutionGuid = {57073286-47ED-40F6-968B-AAAF9A425068}
	EndGlobalSection
EndGlobal
